// !$*UTF8*$!
{
	archiveVersion = 1;
	classes = {
	};
	objectVersion = 77;
	objects = {

/* Begin PBXBuildFile section */
		CB0812DA2FCA6378005B17D7 /* GoogleSignIn in Frameworks */ = {isa = PBXBuildFile; productRef = CB0812D92FCA6378005B17D7 /* GoogleSignIn */; };
		CB0812DC2FCA6378005B17D7 /* GoogleSignInSwift in Frameworks */ = {isa = PBXBuildFile; productRef = CB0812DB2FCA6378005B17D7 /* GoogleSignInSwift */; };
		CBC3096A2FCA7322003A48ED /* UserSession.swift in Sources */ = {isa = PBXBuildFile; fileRef = CBC3092E2FCA7322003A48ED /* UserSession.swift */; };
		CBC3096B2FCA7322003A48ED /* HealthKitManager.swift in Sources */ = {isa = PBXBuildFile; fileRef = CBC3091C2FCA7322003A48ED /* HealthKitManager.swift */; };
		CBC3096C2FCA7322003A48ED /* FastingViewModel.swift in Sources */ = {isa = PBXBuildFile; fileRef = CBC3093E2FCA7322003A48ED /* FastingViewModel.swift */; };
		CBC3096D2FCA7322003A48ED /* FastingView.swift in Sources */ = {isa = PBXBuildFile; fileRef = CBC3093D2FCA7322003A48ED /* FastingView.swift */; };
		CBC3096E2FCA7322003A48ED /* VerifyView.swift in Sources */ = {isa = PBXBuildFile; fileRef = CBC3095D2FCA7322003A48ED /* VerifyView.swift */; };
		CBC3096F2FCA7322003A48ED /* RegisterViewModel.swift in Sources */ = {isa = PBXBuildFile; fileRef = CBC3095B2FCA7322003A48ED /* RegisterViewModel.swift */; };
		CBC309702FCA7322003A48ED /* MealDetailView.swift in Sources */ = {isa = PBXBuildFile; fileRef = CBC309462FCA7322003A48ED /* MealDetailView.swift */; };
		CBC309712FCA7322003A48ED /* AppModule.swift in Sources */ = {isa = PBXBuildFile; fileRef = CBC309302FCA7322003A48ED /* AppModule.swift */; };
		CBC309722FCA7322003A48ED /* BonusSnackSelectorView.swift in Sources */ = {isa = PBXBuildFile; fileRef = CBC309422FCA7322003A48ED /* BonusSnackSelectorView.swift */; };
		CBC309732FCA7322003A48ED /* UserDto.swift in Sources */ = {isa = PBXBuildFile; fileRef = CBC309212FCA7322003A48ED /* UserDto.swift */; };
		CBC309742FCA7322003A48ED /* RootView.swift in Sources */ = {isa = PBXBuildFile; fileRef = CBC309682FCA7322003A48ED /* RootView.swift */; };
		CBC309752FCA7322003A48ED /* EatingReminder.swift in Sources */ = {isa = PBXBuildFile; fileRef = CBC309352FCA7322003A48ED /* EatingReminder.swift */; };
		CBC309762FCA7322003A48ED /* OnboardingViewModel.swift in Sources */ = {isa = PBXBuildFile; fileRef = CBC309502FCA7322003A48ED /* OnboardingViewModel.swift */; };
		CBC309772FCA7322003A48ED /* NetworkManager.swift in Sources */ = {isa = PBXBuildFile; fileRef = CBC309232FCA7322003A48ED /* NetworkManager.swift */; };
		CBC309782FCA7322003A48ED /* ChangePasswordView.swift in Sources */ = {isa = PBXBuildFile; fileRef = CBC309542FCA7322003A48ED /* ChangePasswordView.swift */; };
		CBC309792FCA7322003A48ED /* NutriSmartIOSApp.swift in Sources */ = {isa = PBXBuildFile; fileRef = CBC309672FCA7322003A48ED /* NutriSmartIOSApp.swift */; };
		CBC3097A2FCA7322003A48ED /* ShoppingListView.swift in Sources */ = {isa = PBXBuildFile; fileRef = CBC309482FCA7322003A48ED /* ShoppingListView.swift */; };
		CBC3097B2FCA7322003A48ED /* FastingRepository.swift in Sources */ = {isa = PBXBuildFile; fileRef = CBC309272FCA7322003A48ED /* FastingRepository.swift */; };
		CBC3097C2FCA7322003A48ED /* MealSwapView.swift in Sources */ = {isa = PBXBuildFile; fileRef = CBC309472FCA7322003A48ED /* MealSwapView.swift */; };
		CBC3097D2FCA7322003A48ED /* LoginView.swift in Sources */ = {isa = PBXBuildFile; fileRef = CBC3094A2FCA7322003A48ED /* LoginView.swift */; };
		CBC3097E2FCA7322003A48ED /* SessionManager.swift in Sources */ = {isa = PBXBuildFile; fileRef = CBC3092D2FCA7322003A48ED /* SessionManager.swift */; };
		CBC3097F2FCA7322003A48ED /* EditProfileView.swift in Sources */ = {isa = PBXBuildFile; fileRef = CBC309552FCA7322003A48ED /* EditProfileView.swift */; };
		CBC309802FCA7322003A48ED /* WeatherViewModel.swift in Sources */ = {isa = PBXBuildFile; fileRef = CBC309612FCA7322003A48ED /* WeatherViewModel.swift */; };
		CBC309812FCA7322003A48ED /* OnboardingView.swift in Sources */ = {isa = PBXBuildFile; fileRef = CBC3094F2FCA7322003A48ED /* OnboardingView.swift */; };
		CBC309822FCA7322003A48ED /* AuthModels.swift in Sources */ = {isa = PBXBuildFile; fileRef = CBC3091E2FCA7322003A48ED /* AuthModels.swift */; };
		CBC309832FCA7322003A48ED /* GoogleSignInHandler.swift in Sources */ = {isa = PBXBuildFile; fileRef = CBC309392FCA7322003A48ED /* GoogleSignInHandler.swift */; };
		CBC309842FCA7322003A48ED /* RegisterView.swift in Sources */ = {isa = PBXBuildFile; fileRef = CBC3095A2FCA7322003A48ED /* RegisterView.swift */; };
		CBC309852FCA7322003A48ED /* WeatherView.swift in Sources */ = {isa = PBXBuildFile; fileRef = CBC309602FCA7322003A48ED /* WeatherView.swift */; };
		CBC309862FCA7322003A48ED /* AppRouter.swift in Sources */ = {isa = PBXBuildFile; fileRef = CBC309332FCA7322003A48ED /* AppRouter.swift */; };
		CBC309872FCA7322003A48ED /* NutriSmartApiService.swift in Sources */ = {isa = PBXBuildFile; fileRef = CBC309242FCA7322003A48ED /* NutriSmartApiService.swift */; };
		CBC309882FCA7322003A48ED /* ProfileViewModel.swift in Sources */ = {isa = PBXBuildFile; fileRef = CBC309572FCA7322003A48ED /* ProfileViewModel.swift */; };
		CBC309892FCA7322003A48ED /* ProfileView.swift in Sources */ = {isa = PBXBuildFile; fileRef = CBC309562FCA7322003A48ED /* ProfileView.swift */; };
		CBC3098A2FCA7322003A48ED /* MealModels.swift in Sources */ = {isa = PBXBuildFile; fileRef = CBC309202FCA7322003A48ED /* MealModels.swift */; };
		CBC3098B2FCA7322003A48ED /* HomeViewModel.swift in Sources */ = {isa = PBXBuildFile; fileRef = CBC309452FCA7322003A48ED /* HomeViewModel.swift */; };
		CBC3098C2FCA7322003A48ED /* MainView.swift in Sources */ = {isa = PBXBuildFile; fileRef = CBC3094D2FCA7322003A48ED /* MainView.swift */; };
		CBC3098D2FCA7322003A48ED /* FastingNotificationReceiver.swift in Sources */ = {isa = PBXBuildFile; fileRef = CBC309362FCA7322003A48ED /* FastingNotificationReceiver.swift */; };
		CBC3098E2FCA7322003A48ED /* HomeView.swift in Sources */ = {isa = PBXBuildFile; fileRef = CBC309442FCA7322003A48ED /* HomeView.swift */; };
		CBC3098F2FCA7322003A48ED /* AuthRepository.swift in Sources */ = {isa = PBXBuildFile; fileRef = CBC309262FCA7322003A48ED /* AuthRepository.swift */; };
		CBC309902FCA7322003A48ED /* WeatherRepository.swift in Sources */ = {isa = PBXBuildFile; fileRef = CBC3092B2FCA7322003A48ED /* WeatherRepository.swift */; };
		CBC309912FCA7322003A48ED /* WaterRepository.swift in Sources */ = {isa = PBXBuildFile; fileRef = CBC3092A2FCA7322003A48ED /* WaterRepository.swift */; };
		CBC309922FCA7322003A48ED /* Theme.swift in Sources */ = {isa = PBXBuildFile; fileRef = CBC309642FCA7322003A48ED /* Theme.swift */; };
		CBC309932FCA7322003A48ED /* Enums.swift in Sources */ = {isa = PBXBuildFile; fileRef = CBC3091F2FCA7322003A48ED /* Enums.swift */; };
		CBC309942FCA7322003A48ED /* MealRepository.swift in Sources */ = {isa = PBXBuildFile; fileRef = CBC309282FCA7322003A48ED /* MealRepository.swift */; };
		CBC309952FCA7322003A48ED /* ProfileComponents.swift in Sources */ = {isa = PBXBuildFile; fileRef = CBC309522FCA7322003A48ED /* ProfileComponents.swift */; };
		CBC309962FCA7322003A48ED /* HomeUiState.swift in Sources */ = {isa = PBXBuildFile; fileRef = CBC309432FCA7322003A48ED /* HomeUiState.swift */; };
		CBC309972FCA7322003A48ED /* WeatherNotificationReceiver.swift in Sources */ = {isa = PBXBuildFile; fileRef = CBC309372FCA7322003A48ED /* WeatherNotificationReceiver.swift */; };
		CBC309982FCA7322003A48ED /* HomeComponents.swift in Sources */ = {isa = PBXBuildFile; fileRef = CBC309402FCA7322003A48ED /* HomeComponents.swift */; };
		CBC309992FCA7322003A48ED /* OnboardingComponents.swift in Sources */ = {isa = PBXBuildFile; fileRef = CBC3093B2FCA7322003A48ED /* OnboardingComponents.swift */; };
		CBC3099A2FCA7322003A48ED /* VerifyViewModel.swift in Sources */ = {isa = PBXBuildFile; fileRef = CBC3095E2FCA7322003A48ED /* VerifyViewModel.swift */; };
		CBC3099B2FCA7322003A48ED /* UserRepository.swift in Sources */ = {isa = PBXBuildFile; fileRef = CBC309292FCA7322003A48ED /* UserRepository.swift */; };
		CBC3099C2FCA7322003A48ED /* Typography.swift in Sources */ = {isa = PBXBuildFile; fileRef = CBC309652FCA7322003A48ED /* Typography.swift */; };
		CBC3099D2FCA7322003A48ED /* SettingsView.swift in Sources */ = {isa = PBXBuildFile; fileRef = CBC309582FCA7322003A48ED /* SettingsView.swift */; };
		CBC3099E2FCA7322003A48ED /* LoginViewModel.swift in Sources */ = {isa = PBXBuildFile; fileRef = CBC3094B2FCA7322003A48ED /* LoginViewModel.swift */; };
		CBC3099F2FCA7322003A48ED /* Media.xcassets in Resources */ = {isa = PBXBuildFile; fileRef = CBC309322FCA7322003A48ED /* Media.xcassets */; };
		CBCE96002FC920C7007DC9BE /* Media.xcassets in Resources */ = {isa = PBXBuildFile; fileRef = CB3B3E972FC3E3840029C5D7 /* Media.xcassets */; };
/* End PBXBuildFile section */

/* Begin PBXFileReference section */
		CB3B3E972FC3E3840029C5D7 /* Media.xcassets */ = {isa = PBXFileReference; lastKnownFileType = folder.assetcatalog; path = Media.xcassets; sourceTree = "<group>"; };
		CBC3091C2FCA7322003A48ED /* HealthKitManager.swift */ = {isa = PBXFileReference; lastKnownFileType = sourcecode.swift; path = HealthKitManager.swift; sourceTree = "<group>"; };
		CBC3091E2FCA7322003A48ED /* AuthModels.swift */ = {isa = PBXFileReference; lastKnownFileType = sourcecode.swift; path = AuthModels.swift; sourceTree = "<group>"; };
		CBC3091F2FCA7322003A48ED /* Enums.swift */ = {isa = PBXFileReference; lastKnownFileType = sourcecode.swift; path = Enums.swift; sourceTree = "<group>"; };
		CBC309202FCA7322003A48ED /* MealModels.swift */ = {isa = PBXFileReference; lastKnownFileType = sourcecode.swift; path = MealModels.swift; sourceTree = "<group>"; };
		CBC309212FCA7322003A48ED /* UserDto.swift */ = {isa = PBXFileReference; lastKnownFileType = sourcecode.swift; path = UserDto.swift; sourceTree = "<group>"; };
		CBC309232FCA7322003A48ED /* NetworkManager.swift */ = {isa = PBXFileReference; lastKnownFileType = sourcecode.swift; path = NetworkManager.swift; sourceTree = "<group>"; };
		CBC309242FCA7322003A48ED /* NutriSmartApiService.swift */ = {isa = PBXFileReference; lastKnownFileType = sourcecode.swift; path = NutriSmartApiService.swift; sourceTree = "<group>"; };
		CBC309262FCA7322003A48ED /* AuthRepository.swift */ = {isa = PBXFileReference; lastKnownFileType = sourcecode.swift; path = AuthRepository.swift; sourceTree = "<group>"; };
		CBC309272FCA7322003A48ED /* FastingRepository.swift */ = {isa = PBXFileReference; lastKnownFileType = sourcecode.swift; path = FastingRepository.swift; sourceTree = "<group>"; };
		CBC309282FCA7322003A48ED /* MealRepository.swift */ = {isa = PBXFileReference; lastKnownFileType = sourcecode.swift; path = MealRepository.swift; sourceTree = "<group>"; };
		CBC309292FCA7322003A48ED /* UserRepository.swift */ = {isa = PBXFileReference; lastKnownFileType = sourcecode.swift; path = UserRepository.swift; sourceTree = "<group>"; };
		CBC3092A2FCA7322003A48ED /* WaterRepository.swift */ = {isa = PBXFileReference; lastKnownFileType = sourcecode.swift; path = WaterRepository.swift; sourceTree = "<group>"; };
		CBC3092B2FCA7322003A48ED /* WeatherRepository.swift */ = {isa = PBXFileReference; lastKnownFileType = sourcecode.swift; path = WeatherRepository.swift; sourceTree = "<group>"; };
		CBC3092D2FCA7322003A48ED /* SessionManager.swift */ = {isa = PBXFileReference; lastKnownFileType = sourcecode.swift; path = SessionManager.swift; sourceTree = "<group>"; };
		CBC3092E2FCA7322003A48ED /* UserSession.swift */ = {isa = PBXFileReference; lastKnownFileType = sourcecode.swift; path = UserSession.swift; sourceTree = "<group>"; };
		CBC309302FCA7322003A48ED /* AppModule.swift */ = {isa = PBXFileReference; lastKnownFileType = sourcecode.swift; path = AppModule.swift; sourceTree = "<group>"; };
		CBC309322FCA7322003A48ED /* Media.xcassets */ = {isa = PBXFileReference; lastKnownFileType = folder.assetcatalog; path = Media.xcassets; sourceTree = "<group>"; };
		CBC309332FCA7322003A48ED /* AppRouter.swift */ = {isa = PBXFileReference; lastKnownFileType = sourcecode.swift; path = AppRouter.swift; sourceTree = "<group>"; };
		CBC309352FCA7322003A48ED /* EatingReminder.swift */ = {isa = PBXFileReference; lastKnownFileType = sourcecode.swift; path = EatingReminder.swift; sourceTree = "<group>"; };
		CBC309362FCA7322003A48ED /* FastingNotificationReceiver.swift */ = {isa = PBXFileReference; lastKnownFileType = sourcecode.swift; path = FastingNotificationReceiver.swift; sourceTree = "<group>"; };
		CBC309372FCA7322003A48ED /* WeatherNotificationReceiver.swift */ = {isa = PBXFileReference; lastKnownFileType = sourcecode.swift; path = WeatherNotificationReceiver.swift; sourceTree = "<group>"; };
		CBC309392FCA7322003A48ED /* GoogleSignInHandler.swift */ = {isa = PBXFileReference; lastKnownFileType = sourcecode.swift; path = GoogleSignInHandler.swift; sourceTree = "<group>"; };
		CBC3093B2FCA7322003A48ED /* OnboardingComponents.swift */ = {isa = PBXFileReference; lastKnownFileType = sourcecode.swift; path = OnboardingComponents.swift; sourceTree = "<group>"; };
		CBC3093D2FCA7322003A48ED /* FastingView.swift */ = {isa = PBXFileReference; lastKnownFileType = sourcecode.swift; path = FastingView.swift; sourceTree = "<group>"; };
		CBC3093E2FCA7322003A48ED /* FastingViewModel.swift */ = {isa = PBXFileReference; lastKnownFileType = sourcecode.swift; path = FastingViewModel.swift; sourceTree = "<group>"; };
		CBC309402FCA7322003A48ED /* HomeComponents.swift */ = {isa = PBXFileReference; lastKnownFileType = sourcecode.swift; path = HomeComponents.swift; sourceTree = "<group>"; };
		CBC309422FCA7322003A48ED /* BonusSnackSelectorView.swift */ = {isa = PBXFileReference; lastKnownFileType = sourcecode.swift; path = BonusSnackSelectorView.swift; sourceTree = "<group>"; };
		CBC309432FCA7322003A48ED /* HomeUiState.swift */ = {isa = PBXFileReference; lastKnownFileType = sourcecode.swift; path = HomeUiState.swift; sourceTree = "<group>"; };
		CBC309442FCA7322003A48ED /* HomeView.swift */ = {isa = PBXFileReference; lastKnownFileType = sourcecode.swift; path = HomeView.swift; sourceTree = "<group>"; };
		CBC309452FCA7322003A48ED /* HomeViewModel.swift */ = {isa = PBXFileReference; lastKnownFileType = sourcecode.swift; path = HomeViewModel.swift; sourceTree = "<group>"; };
		CBC309462FCA7322003A48ED /* MealDetailView.swift */ = {isa = PBXFileReference; lastKnownFileType = sourcecode.swift; path = MealDetailView.swift; sourceTree = "<group>"; };
		CBC309472FCA7322003A48ED /* MealSwapView.swift */ = {isa = PBXFileReference; lastKnownFileType = sourcecode.swift; path = MealSwapView.swift; sourceTree = "<group>"; };
		CBC309482FCA7322003A48ED /* ShoppingListView.swift */ = {isa = PBXFileReference; lastKnownFileType = sourcecode.swift; path = ShoppingListView.swift; sourceTree = "<group>"; };
		CBC3094A2FCA7322003A48ED /* LoginView.swift */ = {isa = PBXFileReference; lastKnownFileType = sourcecode.swift; path = LoginView.swift; sourceTree = "<group>"; };
		CBC3094B2FCA7322003A48ED /* LoginViewModel.swift */ = {isa = PBXFileReference; lastKnownFileType = sourcecode.swift; path = LoginViewModel.swift; sourceTree = "<group>"; };
		CBC3094D2FCA7322003A48ED /* MainView.swift */ = {isa = PBXFileReference; lastKnownFileType = sourcecode.swift; path = MainView.swift; sourceTree = "<group>"; };
		CBC3094F2FCA7322003A48ED /* OnboardingView.swift */ = {isa = PBXFileReference; lastKnownFileType = sourcecode.swift; path = OnboardingView.swift; sourceTree = "<group>"; };
		CBC309502FCA7322003A48ED /* OnboardingViewModel.swift */ = {isa = PBXFileReference; lastKnownFileType = sourcecode.swift; path = OnboardingViewModel.swift; sourceTree = "<group>"; };
		CBC309522FCA7322003A48ED /* ProfileComponents.swift */ = {isa = PBXFileReference; lastKnownFileType = sourcecode.swift; path = ProfileComponents.swift; sourceTree = "<group>"; };
		CBC309542FCA7322003A48ED /* ChangePasswordView.swift */ = {isa = PBXFileReference; lastKnownFileType = sourcecode.swift; path = ChangePasswordView.swift; sourceTree = "<group>"; };
		CBC309552FCA7322003A48ED /* EditProfileView.swift */ = {isa = PBXFileReference; lastKnownFileType = sourcecode.swift; path = EditProfileView.swift; sourceTree = "<group>"; };
		CBC309562FCA7322003A48ED /* ProfileView.swift */ = {isa = PBXFileReference; lastKnownFileType = sourcecode.swift; path = ProfileView.swift; sourceTree = "<group>"; };
		CBC309572FCA7322003A48ED /* ProfileViewModel.swift */ = {isa = PBXFileReference; lastKnownFileType = sourcecode.swift; path = ProfileViewModel.swift; sourceTree = "<group>"; };
		CBC309582FCA7322003A48ED /* SettingsView.swift */ = {isa = PBXFileReference; lastKnownFileType = sourcecode.swift; path = SettingsView.swift; sourceTree = "<group>"; };
		CBC3095A2FCA7322003A48ED /* RegisterView.swift */ = {isa = PBXFileReference; lastKnownFileType = sourcecode.swift; path = RegisterView.swift; sourceTree = "<group>"; };
		CBC3095B2FCA7322003A48ED /* RegisterViewModel.swift */ = {isa = PBXFileReference; lastKnownFileType = sourcecode.swift; path = RegisterViewModel.swift; sourceTree = "<group>"; };
		CBC3095D2FCA7322003A48ED /* VerifyView.swift */ = {isa = PBXFileReference; lastKnownFileType = sourcecode.swift; path = VerifyView.swift; sourceTree = "<group>"; };
		CBC3095E2FCA7322003A48ED /* VerifyViewModel.swift */ = {isa = PBXFileReference; lastKnownFileType = sourcecode.swift; path = VerifyViewModel.swift; sourceTree = "<group>"; };
		CBC309602FCA7322003A48ED /* WeatherView.swift */ = {isa = PBXFileReference; lastKnownFileType = sourcecode.swift; path = WeatherView.swift; sourceTree = "<group>"; };
		CBC309612FCA7322003A48ED /* WeatherViewModel.swift */ = {isa = PBXFileReference; lastKnownFileType = sourcecode.swift; path = WeatherViewModel.swift; sourceTree = "<group>"; };
		CBC309642FCA7322003A48ED /* Theme.swift */ = {isa = PBXFileReference; lastKnownFileType = sourcecode.swift; path = Theme.swift; sourceTree = "<group>"; };
		CBC309652FCA7322003A48ED /* Typography.swift */ = {isa = PBXFileReference; lastKnownFileType = sourcecode.swift; path = Typography.swift; sourceTree = "<group>"; };
		CBC309672FCA7322003A48ED /* NutriSmartIOSApp.swift */ = {isa = PBXFileReference; lastKnownFileType = sourcecode.swift; path = NutriSmartIOSApp.swift; sourceTree = "<group>"; };
		CBC309682FCA7322003A48ED /* RootView.swift */ = {isa = PBXFileReference; lastKnownFileType = sourcecode.swift; path = RootView.swift; sourceTree = "<group>"; };
		CBE3C6FD2FBBC1FA006B4CC0 /* NutriSmartIOS.app */ = {isa = PBXFileReference; explicitFileType = wrapper.application; includeInIndex = 0; path = NutriSmartIOS.app; sourceTree = BUILT_PRODUCTS_DIR; };
/* End PBXFileReference section */

/* Begin PBXFrameworksBuildPhase section */
		CB91B1622FB9C28D0099A9D0 /* Frameworks */ = {
			isa = PBXFrameworksBuildPhase;
			buildActionMask = 2147483647;
			files = (
				CB0812DA2FCA6378005B17D7 /* GoogleSignIn in Frameworks */,
				CB0812DC2FCA6378005B17D7 /* GoogleSignInSwift in Frameworks */,
			);
			runOnlyForDeploymentPostprocessing = 0;
		};
/* End PBXFrameworksBuildPhase section */

/* Begin PBXGroup section */
		CB91B15C2FB9C28D0099A9D0 = {
			isa = PBXGroup;
			children = (
				CB3B3E972FC3E3840029C5D7 /* Media.xcassets */,
				CBE3C6FD2FBBC1FA006B4CC0 /* NutriSmartIOS.app */,
				CBC3092F2FCA7322003A48ED /* data */,
				CBC309312FCA7322003A48ED /* di */,
				CBC309322FCA7322003A48ED /* Media.xcassets */,
				CBC309342FCA7322003A48ED /* navigation */,
				CBC309382FCA7322003A48ED /* notifications */,
				CBC309692FCA7322003A48ED /* ui */,
			);
			sourceTree = "<group>";
		};
		CBC3091D2FCA7322003A48ED /* health */ = {
			isa = PBXGroup;
			children = (
				CBC3091C2FCA7322003A48ED /* HealthKitManager.swift */,
			);
			path = health;
			sourceTree = "<group>";
		};
		CBC309222FCA7322003A48ED /* model */ = {
			isa = PBXGroup;
			children = (
				CBC3091E2FCA7322003A48ED /* AuthModels.swift */,
				CBC3091F2FCA7322003A48ED /* Enums.swift */,
				CBC309202FCA7322003A48ED /* MealModels.swift */,
				CBC309212FCA7322003A48ED /* UserDto.swift */,
			);
			path = model;
			sourceTree = "<group>";
		};
		CBC309252FCA7322003A48ED /* remote */ = {
			isa = PBXGroup;
			children = (
				CBC309232FCA7322003A48ED /* NetworkManager.swift */,
				CBC309242FCA7322003A48ED /* NutriSmartApiService.swift */,
			);
			path = remote;
			sourceTree = "<group>";
		};
		CBC3092C2FCA7322003A48ED /* repository */ = {
			isa = PBXGroup;
			children = (
				CBC309262FCA7322003A48ED /* AuthRepository.swift */,
				CBC309272FCA7322003A48ED /* FastingRepository.swift */,
				CBC309282FCA7322003A48ED /* MealRepository.swift */,
				CBC309292FCA7322003A48ED /* UserRepository.swift */,
				CBC3092A2FCA7322003A48ED /* WaterRepository.swift */,
				CBC3092B2FCA7322003A48ED /* WeatherRepository.swift */,
			);
			path = repository;
			sourceTree = "<group>";
		};
		CBC3092F2FCA7322003A48ED /* data */ = {
			isa = PBXGroup;
			children = (
				CBC3091D2FCA7322003A48ED /* health */,
				CBC309222FCA7322003A48ED /* model */,
				CBC309252FCA7322003A48ED /* remote */,
				CBC3092C2FCA7322003A48ED /* repository */,
				CBC3092D2FCA7322003A48ED /* SessionManager.swift */,
				CBC3092E2FCA7322003A48ED /* UserSession.swift */,
			);
			path = data;
			sourceTree = "<group>";
		};
		CBC309312FCA7322003A48ED /* di */ = {
			isa = PBXGroup;
			children = (
				CBC309302FCA7322003A48ED /* AppModule.swift */,
			);
			path = di;
			sourceTree = "<group>";
		};
		CBC309342FCA7322003A48ED /* navigation */ = {
			isa = PBXGroup;
			children = (
				CBC309332FCA7322003A48ED /* AppRouter.swift */,
			);
			path = navigation;
			sourceTree = "<group>";
		};
		CBC309382FCA7322003A48ED /* notifications */ = {
			isa = PBXGroup;
			children = (
				CBC309352FCA7322003A48ED /* EatingReminder.swift */,
				CBC309362FCA7322003A48ED /* FastingNotificationReceiver.swift */,
				CBC309372FCA7322003A48ED /* WeatherNotificationReceiver.swift */,
			);
			path = notifications;
			sourceTree = "<group>";
		};
		CBC3093A2FCA7322003A48ED /* auth */ = {
			isa = PBXGroup;
			children = (
				CBC309392FCA7322003A48ED /* GoogleSignInHandler.swift */,
			);
			path = auth;
			sourceTree = "<group>";
		};
		CBC3093C2FCA7322003A48ED /* core_components */ = {
			isa = PBXGroup;
			children = (
				CBC3093B2FCA7322003A48ED /* OnboardingComponents.swift */,
			);
			path = core_components;
			sourceTree = "<group>";
		};
		CBC3093F2FCA7322003A48ED /* fasting */ = {
			isa = PBXGroup;
			children = (
				CBC3093D2FCA7322003A48ED /* FastingView.swift */,
				CBC3093E2FCA7322003A48ED /* FastingViewModel.swift */,
			);
			path = fasting;
			sourceTree = "<group>";
		};
		CBC309412FCA7322003A48ED /* components */ = {
			isa = PBXGroup;
			children = (
				CBC309402FCA7322003A48ED /* HomeComponents.swift */,
			);
			path = components;
			sourceTree = "<group>";
		};
		CBC309492FCA7322003A48ED /* home */ = {
			isa = PBXGroup;
			children = (
				CBC309412FCA7322003A48ED /* components */,
				CBC309422FCA7322003A48ED /* BonusSnackSelectorView.swift */,
				CBC309432FCA7322003A48ED /* HomeUiState.swift */,
				CBC309442FCA7322003A48ED /* HomeView.swift */,
				CBC309452FCA7322003A48ED /* HomeViewModel.swift */,
				CBC309462FCA7322003A48ED /* MealDetailView.swift */,
				CBC309472FCA7322003A48ED /* MealSwapView.swift */,
				CBC309482FCA7322003A48ED /* ShoppingListView.swift */,
			);
			path = home;
			sourceTree = "<group>";
		};
		CBC3094C2FCA7322003A48ED /* login */ = {
			isa = PBXGroup;
			children = (
				CBC3094A2FCA7322003A48ED /* LoginView.swift */,
				CBC3094B2FCA7322003A48ED /* LoginViewModel.swift */,
			);
			path = login;
			sourceTree = "<group>";
		};
		CBC3094E2FCA7322003A48ED /* main */ = {
			isa = PBXGroup;
			children = (
				CBC3094D2FCA7322003A48ED /* MainView.swift */,
			);
			path = main;
			sourceTree = "<group>";
		};
		CBC309512FCA7322003A48ED /* onboarding */ = {
			isa = PBXGroup;
			children = (
				CBC3094F2FCA7322003A48ED /* OnboardingView.swift */,
				CBC309502FCA7322003A48ED /* OnboardingViewModel.swift */,
			);
			path = onboarding;
			sourceTree = "<group>";
		};
		CBC309532FCA7322003A48ED /* components */ = {
			isa = PBXGroup;
			children = (
				CBC309522FCA7322003A48ED /* ProfileComponents.swift */,
			);
			path = components;
			sourceTree = "<group>";
		};
		CBC309592FCA7322003A48ED /* profile */ = {
			isa = PBXGroup;
			children = (
				CBC309532FCA7322003A48ED /* components */,
				CBC309542FCA7322003A48ED /* ChangePasswordView.swift */,
				CBC309552FCA7322003A48ED /* EditProfileView.swift */,
				CBC309562FCA7322003A48ED /* ProfileView.swift */,
				CBC309572FCA7322003A48ED /* ProfileViewModel.swift */,
				CBC309582FCA7322003A48ED /* SettingsView.swift */,
			);
			path = profile;
			sourceTree = "<group>";
		};
		CBC3095C2FCA7322003A48ED /* register */ = {
			isa = PBXGroup;
			children = (
				CBC3095A2FCA7322003A48ED /* RegisterView.swift */,
				CBC3095B2FCA7322003A48ED /* RegisterViewModel.swift */,
			);
			path = register;
			sourceTree = "<group>";
		};
		CBC3095F2FCA7322003A48ED /* verify */ = {
			isa = PBXGroup;
			children = (
				CBC3095D2FCA7322003A48ED /* VerifyView.swift */,
				CBC3095E2FCA7322003A48ED /* VerifyViewModel.swift */,
			);
			path = verify;
			sourceTree = "<group>";
		};
		CBC309622FCA7322003A48ED /* weather */ = {
			isa = PBXGroup;
			children = (
				CBC309602FCA7322003A48ED /* WeatherView.swift */,
				CBC309612FCA7322003A48ED /* WeatherViewModel.swift */,
			);
			path = weather;
			sourceTree = "<group>";
		};
		CBC309632FCA7322003A48ED /* screens */ = {
			isa = PBXGroup;
			children = (
				CBC3093F2FCA7322003A48ED /* fasting */,
				CBC309492FCA7322003A48ED /* home */,
				CBC3094C2FCA7322003A48ED /* login */,
				CBC3094E2FCA7322003A48ED /* main */,
				CBC309512FCA7322003A48ED /* onboarding */,
				CBC309592FCA7322003A48ED /* profile */,
				CBC3095C2FCA7322003A48ED /* register */,
				CBC3095F2FCA7322003A48ED /* verify */,
				CBC309622FCA7322003A48ED /* weather */,
			);
			path = screens;
			sourceTree = "<group>";
		};
		CBC309662FCA7322003A48ED /* theme */ = {
			isa = PBXGroup;
			children = (
				CBC309642FCA7322003A48ED /* Theme.swift */,
				CBC309652FCA7322003A48ED /* Typography.swift */,
			);
			path = theme;
			sourceTree = "<group>";
		};
		CBC309692FCA7322003A48ED /* ui */ = {
			isa = PBXGroup;
			children = (
				CBC3093A2FCA7322003A48ED /* auth */,
				CBC3093C2FCA7322003A48ED /* core_components */,
				CBC309632FCA7322003A48ED /* screens */,
				CBC309662FCA7322003A48ED /* theme */,
				CBC309672FCA7322003A48ED /* NutriSmartIOSApp.swift */,
				CBC309682FCA7322003A48ED /* RootView.swift */,
			);
			path = ui;
			sourceTree = "<group>";
		};
/* End PBXGroup section */

/* Begin PBXNativeTarget section */
		CB91B1642FB9C28D0099A9D0 /* NutriSmartIOS */ = {
			isa = PBXNativeTarget;
			buildConfigurationList = CB91B1702FB9C28E0099A9D0 /* Build configuration list for PBXNativeTarget "NutriSmartIOS" */;
			buildPhases = (
				CB91B1612FB9C28D0099A9D0 /* Sources */,
				CB91B1622FB9C28D0099A9D0 /* Frameworks */,
				CB91B1632FB9C28D0099A9D0 /* Resources */,
			);
			buildRules = (
			);
			dependencies = (
			);
			name = NutriSmartIOS;
			packageProductDependencies = (
				CB0812D92FCA6378005B17D7 /* GoogleSignIn */,
				CB0812DB2FCA6378005B17D7 /* GoogleSignInSwift */,
			);
			productName = NutriSmartIOS;
			productReference = CBE3C6FD2FBBC1FA006B4CC0 /* NutriSmartIOS.app */;
			productType = "com.apple.product-type.application";
		};
/* End PBXNativeTarget section */

/* Begin PBXProject section */
		CB91B15D2FB9C28D0099A9D0 /* Project object */ = {
			isa = PBXProject;
			attributes = {
				BuildIndependentTargetsInParallel = 1;
				LastSwiftUpdateCheck = 2650;
				LastUpgradeCheck = 2650;
				TargetAttributes = {
					CB91B1642FB9C28D0099A9D0 = {
						CreatedOnToolsVersion = 26.5;
					};
				};
			};
			buildConfigurationList = CB91B1602FB9C28D0099A9D0 /* Build configuration list for PBXProject "NutriSmartIOS" */;
			developmentRegion = en;
			hasScannedForEncodings = 0;
			knownRegions = (
				en,
				Base,
			);
			mainGroup = CB91B15C2FB9C28D0099A9D0;
			minimizedProjectReferenceProxies = 1;
			packageReferences = (
				CB0812D82FCA6378005B17D7 /* XCRemoteSwiftPackageReference "GoogleSignIn-iOS" */,
			);
			preferredProjectObjectVersion = 77;
			productRefGroup = CB91B15C2FB9C28D0099A9D0;
			projectDirPath = "";
			projectRoot = "";
			targets = (
				CB91B1642FB9C28D0099A9D0 /* NutriSmartIOS */,
			);
		};
/* End PBXProject section */

/* Begin PBXResourcesBuildPhase section */
		CB91B1632FB9C28D0099A9D0 /* Resources */ = {
			isa = PBXResourcesBuildPhase;
			buildActionMask = 2147483647;
			files = (
				CBC3099F2FCA7322003A48ED /* Media.xcassets in Resources */,
				CBCE96002FC920C7007DC9BE /* Media.xcassets in Resources */,
			);
			runOnlyForDeploymentPostprocessing = 0;
		};
/* End PBXResourcesBuildPhase section */

/* Begin PBXSourcesBuildPhase section */
		CB91B1612FB9C28D0099A9D0 /* Sources */ = {
			isa = PBXSourcesBuildPhase;
			buildActionMask = 2147483647;
			files = (
				CBC3096A2FCA7322003A48ED /* UserSession.swift in Sources */,
				CBC3096B2FCA7322003A48ED /* HealthKitManager.swift in Sources */,
				CBC3096C2FCA7322003A48ED /* FastingViewModel.swift in Sources */,
				CBC3096D2FCA7322003A48ED /* FastingView.swift in Sources */,
				CBC3096E2FCA7322003A48ED /* VerifyView.swift in Sources */,
				CBC3096F2FCA7322003A48ED /* RegisterViewModel.swift in Sources */,
				CBC309702FCA7322003A48ED /* MealDetailView.swift in Sources */,
				CBC309712FCA7322003A48ED /* AppModule.swift in Sources */,
				CBC309722FCA7322003A48ED /* BonusSnackSelectorView.swift in Sources */,
				CBC309732FCA7322003A48ED /* UserDto.swift in Sources */,
				CBC309742FCA7322003A48ED /* RootView.swift in Sources */,
				CBC309752FCA7322003A48ED /* EatingReminder.swift in Sources */,
				CBC309762FCA7322003A48ED /* OnboardingViewModel.swift in Sources */,
				CBC309772FCA7322003A48ED /* NetworkManager.swift in Sources */,
				CBC309782FCA7322003A48ED /* ChangePasswordView.swift in Sources */,
				CBC309792FCA7322003A48ED /* NutriSmartIOSApp.swift in Sources */,
				CBC3097A2FCA7322003A48ED /* ShoppingListView.swift in Sources */,
				CBC3097B2FCA7322003A48ED /* FastingRepository.swift in Sources */,
				CBC3097C2FCA7322003A48ED /* MealSwapView.swift in Sources */,
				CBC3097D2FCA7322003A48ED /* LoginView.swift in Sources */,
				CBC3097E2FCA7322003A48ED /* SessionManager.swift in Sources */,
				CBC3097F2FCA7322003A48ED /* EditProfileView.swift in Sources */,
				CBC309802FCA7322003A48ED /* WeatherViewModel.swift in Sources */,
				CBC309812FCA7322003A48ED /* OnboardingView.swift in Sources */,
				CBC309822FCA7322003A48ED /* AuthModels.swift in Sources */,
				CBC309832FCA7322003A48ED /* GoogleSignInHandler.swift in Sources */,
				CBC309842FCA7322003A48ED /* RegisterView.swift in Sources */,
				CBC309852FCA7322003A48ED /* WeatherView.swift in Sources */,
				CBC309862FCA7322003A48ED /* AppRouter.swift in Sources */,
				CBC309872FCA7322003A48ED /* NutriSmartApiService.swift in Sources */,
				CBC309882FCA7322003A48ED /* ProfileViewModel.swift in Sources */,
				CBC309892FCA7322003A48ED /* ProfileView.swift in Sources */,
				CBC3098A2FCA7322003A48ED /* MealModels.swift in Sources */,
				CBC3098B2FCA7322003A48ED /* HomeViewModel.swift in Sources */,
				CBC3098C2FCA7322003A48ED /* MainView.swift in Sources */,
				CBC3098D2FCA7322003A48ED /* FastingNotificationReceiver.swift in Sources */,
				CBC3098E2FCA7322003A48ED /* HomeView.swift in Sources */,
				CBC3098F2FCA7322003A48ED /* AuthRepository.swift in Sources */,
				CBC309902FCA7322003A48ED /* WeatherRepository.swift in Sources */,
				CBC309912FCA7322003A48ED /* WaterRepository.swift in Sources */,
				CBC309922FCA7322003A48ED /* Theme.swift in Sources */,
				CBC309932FCA7322003A48ED /* Enums.swift in Sources */,
				CBC309942FCA7322003A48ED /* MealRepository.swift in Sources */,
				CBC309952FCA7322003A48ED /* ProfileComponents.swift in Sources */,
				CBC309962FCA7322003A48ED /* HomeUiState.swift in Sources */,
				CBC309972FCA7322003A48ED /* WeatherNotificationReceiver.swift in Sources */,
				CBC309982FCA7322003A48ED /* HomeComponents.swift in Sources */,
				CBC309992FCA7322003A48ED /* OnboardingComponents.swift in Sources */,
				CBC3099A2FCA7322003A48ED /* VerifyViewModel.swift in Sources */,
				CBC3099B2FCA7322003A48ED /* UserRepository.swift in Sources */,
				CBC3099C2FCA7322003A48ED /* Typography.swift in Sources */,
				CBC3099D2FCA7322003A48ED /* SettingsView.swift in Sources */,
				CBC3099E2FCA7322003A48ED /* LoginViewModel.swift in Sources */,
			);
			runOnlyForDeploymentPostprocessing = 0;
		};
/* End PBXSourcesBuildPhase section */

/* Begin XCBuildConfiguration section */
		CB91B16E2FB9C28E0099A9D0 /* Debug */ = {
			isa = XCBuildConfiguration;
			buildSettings = {
				ALWAYS_SEARCH_USER_PATHS = NO;
				ASSETCATALOG_COMPILER_GENERATE_SWIFT_ASSET_SYMBOL_EXTENSIONS = YES;
				CLANG_ANALYZER_NONNULL = YES;
				CLANG_ANALYZER_NUMBER_OBJECT_CONVERSION = YES_AGGRESSIVE;
				CLANG_CXX_LANGUAGE_STANDARD = "gnu++20";
				CLANG_ENABLE_MODULES = YES;
				CLANG_ENABLE_OBJC_ARC = YES;
				CLANG_ENABLE_OBJC_WEAK = YES;
				CLANG_WARN_BLOCK_CAPTURE_AUTORELEASING = YES;
				CLANG_WARN_BOOL_CONVERSION = YES;
				CLANG_WARN_COMMA = YES;
				CLANG_WARN_CONSTANT_CONVERSION = YES;
				CLANG_WARN_DEPRECATED_OBJC_IMPLEMENTATIONS = YES;
				CLANG_WARN_DIRECT_OBJC_ISA_USAGE = YES_ERROR;
				CLANG_WARN_DOCUMENTATION_COMMENTS = YES;
				CLANG_WARN_EMPTY_BODY = YES;
				CLANG_WARN_ENUM_CONVERSION = YES;
				CLANG_WARN_INFINITE_RECURSION = YES;
				CLANG_WARN_INT_CONVERSION = YES;
				CLANG_WARN_NON_LITERAL_NULL_CONVERSION = YES;
				CLANG_WARN_OBJC_IMPLICIT_RETAIN_SELF = YES;
				CLANG_WARN_OBJC_LITERAL_CONVERSION = YES;
				CLANG_WARN_OBJC_ROOT_CLASS = YES_ERROR;
				CLANG_WARN_QUOTED_INCLUDE_IN_FRAMEWORK_HEADER = YES;
				CLANG_WARN_RANGE_LOOP_ANALYSIS = YES;
				CLANG_WARN_STRICT_PROTOTYPES = YES;
				CLANG_WARN_SUSPICIOUS_MOVE = YES;
				CLANG_WARN_UNGUARDED_AVAILABILITY = YES_AGGRESSIVE;
				CLANG_WARN_UNREACHABLE_CODE = YES;
				CLANG_WARN__DUPLICATE_METHOD_MATCH = YES;
				COPY_PHASE_STRIP = NO;
				DEBUG_INFORMATION_FORMAT = dwarf;
				ENABLE_STRICT_OBJC_MSGSEND = YES;
				ENABLE_TESTABILITY = YES;
				ENABLE_USER_SCRIPT_SANDBOXING = YES;
				GCC_C_LANGUAGE_STANDARD = gnu17;
				GCC_DYNAMIC_NO_PIC = NO;
				GCC_NO_COMMON_BLOCKS = YES;
				GCC_OPTIMIZATION_LEVEL = 0;
				GCC_PREPROCESSOR_DEFINITIONS = (
					"DEBUG=1",
					"$(inherited)",
				);
				GCC_WARN_64_TO_32_BIT_CONVERSION = YES;
				GCC_WARN_ABOUT_RETURN_TYPE = YES_ERROR;
				GCC_WARN_UNDECLARED_SELECTOR = YES;
				GCC_WARN_UNINITIALIZED_AUTOS = YES_AGGRESSIVE;
				GCC_WARN_UNUSED_FUNCTION = YES;
				GCC_WARN_UNUSED_VARIABLE = YES;
				IPHONEOS_DEPLOYMENT_TARGET = 26.5;
				LOCALIZATION_PREFERS_STRING_CATALOGS = YES;
				MTL_ENABLE_DEBUG_INFO = INCLUDE_SOURCE;
				MTL_FAST_MATH = YES;
				ONLY_ACTIVE_ARCH = YES;
				SDKROOT = iphoneos;
				SWIFT_ACTIVE_COMPILATION_CONDITIONS = "DEBUG $(inherited)";
				SWIFT_OPTIMIZATION_LEVEL = "-Onone";
			};
			name = Debug;
		};
		CB91B16F2FB9C28E0099A9D0 /* Release */ = {
			isa = XCBuildConfiguration;
			buildSettings = {
				ALWAYS_SEARCH_USER_PATHS = NO;
				ASSETCATALOG_COMPILER_GENERATE_SWIFT_ASSET_SYMBOL_EXTENSIONS = YES;
				CLANG_ANALYZER_NONNULL = YES;
				CLANG_ANALYZER_NUMBER_OBJECT_CONVERSION = YES_AGGRESSIVE;
				CLANG_CXX_LANGUAGE_STANDARD = "gnu++20";
				CLANG_ENABLE_MODULES = YES;
				CLANG_ENABLE_OBJC_ARC = YES;
				CLANG_ENABLE_OBJC_WEAK = YES;
				CLANG_WARN_BLOCK_CAPTURE_AUTORELEASING = YES;
				CLANG_WARN_BOOL_CONVERSION = YES;
				CLANG_WARN_COMMA = YES;
				CLANG_WARN_CONSTANT_CONVERSION = YES;
				CLANG_WARN_DEPRECATED_OBJC_IMPLEMENTATIONS = YES;
				CLANG_WARN_DIRECT_OBJC_ISA_USAGE = YES_ERROR;
				CLANG_WARN_DOCUMENTATION_COMMENTS = YES;
				CLANG_WARN_EMPTY_BODY = YES;
				CLANG_WARN_ENUM_CONVERSION = YES;
				CLANG_WARN_INFINITE_RECURSION = YES;
				CLANG_WARN_INT_CONVERSION = YES;
				CLANG_WARN_NON_LITERAL_NULL_CONVERSION = YES;
				CLANG_WARN_OBJC_IMPLICIT_RETAIN_SELF = YES;
				CLANG_WARN_OBJC_LITERAL_CONVERSION = YES;
				CLANG_WARN_OBJC_ROOT_CLASS = YES_ERROR;
				CLANG_WARN_QUOTED_INCLUDE_IN_FRAMEWORK_HEADER = YES;
				CLANG_WARN_RANGE_LOOP_ANALYSIS = YES;
				CLANG_WARN_STRICT_PROTOTYPES = YES;
				CLANG_WARN_SUSPICIOUS_MOVE = YES;
				CLANG_WARN_UNGUARDED_AVAILABILITY = YES_AGGRESSIVE;
				CLANG_WARN_UNREACHABLE_CODE = YES;
				CLANG_WARN__DUPLICATE_METHOD_MATCH = YES;
				COPY_PHASE_STRIP = NO;
				DEBUG_INFORMATION_FORMAT = "dwarf-with-dsym";
				ENABLE_NS_ASSERTIONS = NO;
				ENABLE_STRICT_OBJC_MSGSEND = YES;
				ENABLE_USER_SCRIPT_SANDBOXING = YES;
				GCC_C_LANGUAGE_STANDARD = gnu17;
				GCC_NO_COMMON_BLOCKS = YES;
				GCC_WARN_64_TO_32_BIT_CONVERSION = YES;
				GCC_WARN_ABOUT_RETURN_TYPE = YES_ERROR;
				GCC_WARN_UNDECLARED_SELECTOR = YES;
				GCC_WARN_UNINITIALIZED_AUTOS = YES_AGGRESSIVE;
				GCC_WARN_UNUSED_FUNCTION = YES;
				GCC_WARN_UNUSED_VARIABLE = YES;
				IPHONEOS_DEPLOYMENT_TARGET = 26.5;
				LOCALIZATION_PREFERS_STRING_CATALOGS = YES;
				MTL_ENABLE_DEBUG_INFO = NO;
				MTL_FAST_MATH = YES;
				SDKROOT = iphoneos;
				SWIFT_COMPILATION_MODE = wholemodule;
				VALIDATE_PRODUCT = YES;
			};
			name = Release;
		};
		CB91B1712FB9C28E0099A9D0 /* Debug */ = {
			isa = XCBuildConfiguration;
			buildSettings = {
				ASSETCATALOG_COMPILER_APPICON_NAME = AppIcon;
				ASSETCATALOG_COMPILER_GLOBAL_ACCENT_COLOR_NAME = AccentColor;
				ASSETCATALOG_COMPILER_INCLUDE_ALL_APPICON_ASSETS = YES;
				CODE_SIGN_STYLE = Automatic;
				CURRENT_PROJECT_VERSION = 1;
				ENABLE_PREVIEWS = YES;
				GENERATE_INFOPLIST_FILE = YES;
				INFOPLIST_KEY_UIApplicationSceneManifest_Generation = YES;
				INFOPLIST_KEY_UIApplicationSupportsIndirectInputEvents = YES;
				INFOPLIST_KEY_UILaunchScreen_Generation = YES;
				INFOPLIST_KEY_UISupportedInterfaceOrientations_iPad = "UIInterfaceOrientationPortrait UIInterfaceOrientationPortraitUpsideDown UIInterfaceOrientationLandscapeLeft UIInterfaceOrientationLandscapeRight";
				INFOPLIST_KEY_UISupportedInterfaceOrientations_iPhone = "UIInterfaceOrientationPortrait UIInterfaceOrientationLandscapeLeft UIInterfaceOrientationLandscapeRight";
				LD_RUNPATH_SEARCH_PATHS = (
					"$(inherited)",
					"@executable_path/Frameworks",
				);
				MARKETING_VERSION = 1.0;
				PRODUCT_BUNDLE_IDENTIFIER = com.timofte.NutriSmartIOS;
				PRODUCT_NAME = "$(TARGET_NAME)";
				STRING_CATALOG_GENERATE_SYMBOLS = YES;
				SWIFT_APPROACHABLE_CONCURRENCY = YES;
				SWIFT_DEFAULT_ACTOR_ISOLATION = MainActor;
				SWIFT_EMIT_LOC_STRINGS = YES;
				SWIFT_UPCOMING_FEATURE_MEMBER_IMPORT_VISIBILITY = YES;
				SWIFT_VERSION = 5.0;
				TARGETED_DEVICE_FAMILY = "1,2";
			};
			name = Debug;
		};
		CB91B1722FB9C28E0099A9D0 /* Release */ = {
			isa = XCBuildConfiguration;
			buildSettings = {
				ASSETCATALOG_COMPILER_APPICON_NAME = AppIcon;
				ASSETCATALOG_COMPILER_GLOBAL_ACCENT_COLOR_NAME = AccentColor;
				ASSETCATALOG_COMPILER_INCLUDE_ALL_APPICON_ASSETS = YES;
				CODE_SIGN_STYLE = Automatic;
				CURRENT_PROJECT_VERSION = 1;
				ENABLE_PREVIEWS = YES;
				GENERATE_INFOPLIST_FILE = YES;
				INFOPLIST_KEY_UIApplicationSceneManifest_Generation = YES;
				INFOPLIST_KEY_UIApplicationSupportsIndirectInputEvents = YES;
				INFOPLIST_KEY_UILaunchScreen_Generation = YES;
				INFOPLIST_KEY_UISupportedInterfaceOrientations_iPad = "UIInterfaceOrientationPortrait UIInterfaceOrientationPortraitUpsideDown UIInterfaceOrientationLandscapeLeft UIInterfaceOrientationLandscapeRight";
				INFOPLIST_KEY_UISupportedInterfaceOrientations_iPhone = "UIInterfaceOrientationPortrait UIInterfaceOrientationLandscapeLeft UIInterfaceOrientationLandscapeRight";
				LD_RUNPATH_SEARCH_PATHS = (
					"$(inherited)",
					"@executable_path/Frameworks",
				);
				MARKETING_VERSION = 1.0;
				PRODUCT_BUNDLE_IDENTIFIER = com.timofte.NutriSmartIOS;
				PRODUCT_NAME = "$(TARGET_NAME)";
				STRING_CATALOG_GENERATE_SYMBOLS = YES;
				SWIFT_APPROACHABLE_CONCURRENCY = YES;
				SWIFT_DEFAULT_ACTOR_ISOLATION = MainActor;
				SWIFT_EMIT_LOC_STRINGS = YES;
				SWIFT_UPCOMING_FEATURE_MEMBER_IMPORT_VISIBILITY = YES;
				SWIFT_VERSION = 5.0;
				TARGETED_DEVICE_FAMILY = "1,2";
			};
			name = Release;
		};
/* End XCBuildConfiguration section */

/* Begin XCConfigurationList section */
		CB91B1602FB9C28D0099A9D0 /* Build configuration list for PBXProject "NutriSmartIOS" */ = {
			isa = XCConfigurationList;
			buildConfigurations = (
				CB91B16E2FB9C28E0099A9D0 /* Debug */,
				CB91B16F2FB9C28E0099A9D0 /* Release */,
			);
			defaultConfigurationIsVisible = 0;
			defaultConfigurationName = Release;
		};
		CB91B1702FB9C28E0099A9D0 /* Build configuration list for PBXNativeTarget "NutriSmartIOS" */ = {
			isa = XCConfigurationList;
			buildConfigurations = (
				CB91B1712FB9C28E0099A9D0 /* Debug */,
				CB91B1722FB9C28E0099A9D0 /* Release */,
			);
			defaultConfigurationIsVisible = 0;
			defaultConfigurationName = Release;
		};
/* End XCConfigurationList section */

/* Begin XCRemoteSwiftPackageReference section */
		CB0812D82FCA6378005B17D7 /* XCRemoteSwiftPackageReference "GoogleSignIn-iOS" */ = {
			isa = XCRemoteSwiftPackageReference;
			repositoryURL = "https://github.com/google/GoogleSignIn-iOS";
			requirement = {
				kind = upToNextMajorVersion;
				minimumVersion = 9.1.0;
			};
		};
/* End XCRemoteSwiftPackageReference section */

/* Begin XCSwiftPackageProductDependency section */
		CB0812D92FCA6378005B17D7 /* GoogleSignIn */ = {
			isa = XCSwiftPackageProductDependency;
			package = CB0812D82FCA6378005B17D7 /* XCRemoteSwiftPackageReference "GoogleSignIn-iOS" */;
			productName = GoogleSignIn;
		};
		CB0812DB2FCA6378005B17D7 /* GoogleSignInSwift */ = {
			isa = XCSwiftPackageProductDependency;
			package = CB0812D82FCA6378005B17D7 /* XCRemoteSwiftPackageReference "GoogleSignIn-iOS" */;
			productName = GoogleSignInSwift;
		};
/* End XCSwiftPackageProductDependency section */
	};
	rootObject = CB91B15D2FB9C28D0099A9D0 /* Project object */;
}
